
Microsoft Visual Studio Solution File, Format Version 12.00
# Visual Studio 15
VisualStudioVersion = 15.0.28307.168
MinimumVisualStudioVersion = 10.0.40219.1
Project("{FAE04EC0-301F-11D3-BF4B-00C04F79EFBC}") = "GrandCircusU2", "GrandCircusU2\GrandCircusU2.csproj", "{9ED898F1-BE6D-44F7-BC7B-0A129514F0EE}"
EndProject
Global
	GlobalSection(SolutionConfigurationPlatforms) = preSolution
		Debug|Any CPU = Debug|Any CPU
		Release|Any CPU = Release|Any CPU
	EndGlobalSection
	GlobalSection(ProjectConfigurationPlatforms) = postSolution
		{9ED898F1-BE6D-44F7-BC7B-0A129514F0EE}.Debug|Any CPU.ActiveCfg = Debug|Any CPU
		{9ED898F1-BE6D-44F7-BC7B-0A129514F0EE}.Debug|Any CPU.Build.0 = Debug|Any CPU
		{9ED898F1-BE6D-44F7-BC7B-0A129514F0EE}.Release|Any CPU.ActiveCfg = Release|Any CPU
		{9ED898F1-BE6D-44F7-BC7B-0A129514F0EE}.Release|Any CPU.Build.0 = Release|Any CPU
	EndGlobalSection
	GlobalSection(SolutionProperties) = preSolution
		HideSolutionNode = FALSE
	EndGlobalSection
	GlobalSection(ExtensibilityGlobals) = postSolution
		SolutionGuid = {D537D640-AE22-40F1-89D8-D3E43F8300AA}
	EndGlobalSection
EndGlobal
